
Microsoft Visual Studio Solution File, Format Version 12.00
# Visual Studio Version 17
VisualStudioVersion = 17.7.34031.279
MinimumVisualStudioVersion = 10.0.40219.1
Project("{FAE04EC0-301F-11D3-BF4B-00C04F79EFBC}") = "SimpleCalculator", "SimpleCalculator\SimpleCalculator.csproj", "{F5F7D14A-52A7-41E6-8311-AB4517BA5542}"
EndProject
Global
	GlobalSection(SolutionConfigurationPlatforms) = preSolution
		Debug|Any CPU = Debug|Any CPU
		Release|Any CPU = Release|Any CPU
	EndGlobalSection
	GlobalSection(ProjectConfigurationPlatforms) = postSolution
		{F5F7D14A-52A7-41E6-8311-AB4517BA5542}.Debug|Any CPU.ActiveCfg = Debug|Any CPU
		{F5F7D14A-52A7-41E6-8311-AB4517BA5542}.Debug|Any CPU.Build.0 = Debug|Any CPU
		{F5F7D14A-52A7-41E6-8311-AB4517BA5542}.Release|Any CPU.ActiveCfg = Release|Any CPU
		{F5F7D14A-52A7-41E6-8311-AB4517BA5542}.Release|Any CPU.Build.0 = Release|Any CPU
	EndGlobalSection
	GlobalSection(SolutionProperties) = preSolution
		HideSolutionNode = FALSE
	EndGlobalSection
	GlobalSection(ExtensibilityGlobals) = postSolution
		SolutionGuid = {EB99105F-79D7-40C3-B03F-480458783B98}
	EndGlobalSection
EndGlobal
